// !$*UTF8*$!
{
	archiveVersion = 1;
	classes = {
	};
	objectVersion = 55;
	objects = {

/* Begin PBXBuildFile section */
		A07CCC6B275761CF001CB549 /* Tests_iOS.swift in Sources */ = {isa = PBXBuildFile; fileRef = A07CCC6A275761CF001CB549 /* Tests_iOS.swift */; };
		A07CCC6D275761CF001CB549 /* Tests_iOSLaunchTests.swift in Sources */ = {isa = PBXBuildFile; fileRef = A07CCC6C275761CF001CB549 /* Tests_iOSLaunchTests.swift */; };
		A07CCC77275761CF001CB549 /* Tests_macOS.swift in Sources */ = {isa = PBXBuildFile; fileRef = A07CCC76275761CF001CB549 /* Tests_macOS.swift */; };
		A07CCC79275761CF001CB549 /* Tests_macOSLaunchTests.swift in Sources */ = {isa = PBXBuildFile; fileRef = A07CCC78275761CF001CB549 /* Tests_macOSLaunchTests.swift */; };
		A07CCC7A275761CF001CB549 /* AdventOfCode2021App.swift in Sources */ = {isa = PBXBuildFile; fileRef = A07CCC52275761CC001CB549 /* AdventOfCode2021App.swift */; };
		A07CCC7B275761CF001CB549 /* AdventOfCode2021App.swift in Sources */ = {isa = PBXBuildFile; fileRef = A07CCC52275761CC001CB549 /* AdventOfCode2021App.swift */; };
		A07CCC7C275761CF001CB549 /* ContentView.swift in Sources */ = {isa = PBXBuildFile; fileRef = A07CCC53275761CC001CB549 /* ContentView.swift */; };
		A07CCC7D275761CF001CB549 /* ContentView.swift in Sources */ = {isa = PBXBuildFile; fileRef = A07CCC53275761CC001CB549 /* ContentView.swift */; };
		A07CCC7E275761CF001CB549 /* Assets.xcassets in Resources */ = {isa = PBXBuildFile; fileRef = A07CCC54275761CF001CB549 /* Assets.xcassets */; };
		A07CCC7F275761CF001CB549 /* Assets.xcassets in Resources */ = {isa = PBXBuildFile; fileRef = A07CCC54275761CF001CB549 /* Assets.xcassets */; };
/* End PBXBuildFile section */

/* Begin PBXContainerItemProxy section */
		A07CCC67275761CF001CB549 /* PBXContainerItemProxy */ = {
			isa = PBXContainerItemProxy;
			containerPortal = A07CCC4D275761CC001CB549 /* Project object */;
			proxyType = 1;
			remoteGlobalIDString = A07CCC58275761CF001CB549;
			remoteInfo = "AdventOfCode2021 (iOS)";
		};
		A07CCC73275761CF001CB549 /* PBXContainerItemProxy */ = {
			isa = PBXContainerItemProxy;
			containerPortal = A07CCC4D275761CC001CB549 /* Project object */;
			proxyType = 1;
			remoteGlobalIDString = A07CCC5E275761CF001CB549;
			remoteInfo = "AdventOfCode2021 (macOS)";
		};
/* End PBXContainerItemProxy section */

/* Begin PBXFileReference section */
		A07CCC52275761CC001CB549 /* AdventOfCode2021App.swift */ = {isa = PBXFileReference; lastKnownFileType = sourcecode.swift; path = AdventOfCode2021App.swift; sourceTree = "<group>"; };
		A07CCC53275761CC001CB549 /* ContentView.swift */ = {isa = PBXFileReference; lastKnownFileType = sourcecode.swift; path = ContentView.swift; sourceTree = "<group>"; };
		A07CCC54275761CF001CB549 /* Assets.xcassets */ = {isa = PBXFileReference; lastKnownFileType = folder.assetcatalog; path = Assets.xcassets; sourceTree = "<group>"; };
		A07CCC59275761CF001CB549 /* AdventOfCode2021.app */ = {isa = PBXFileReference; explicitFileType = wrapper.application; includeInIndex = 0; path = AdventOfCode2021.app; sourceTree = BUILT_PRODUCTS_DIR; };
		A07CCC5F275761CF001CB549 /* AdventOfCode2021.app */ = {isa = PBXFileReference; explicitFileType = wrapper.application; includeInIndex = 0; path = AdventOfCode2021.app; sourceTree = BUILT_PRODUCTS_DIR; };
		A07CCC61275761CF001CB549 /* macOS.entitlements */ = {isa = PBXFileReference; lastKnownFileType = text.plist.entitlements; path = macOS.entitlements; sourceTree = "<group>"; };
		A07CCC66275761CF001CB549 /* Tests iOS.xctest */ = {isa = PBXFileReference; explicitFileType = wrapper.cfbundle; includeInIndex = 0; path = "Tests iOS.xctest"; sourceTree = BUILT_PRODUCTS_DIR; };
		A07CCC6A275761CF001CB549 /* Tests_iOS.swift */ = {isa = PBXFileReference; lastKnownFileType = sourcecode.swift; path = Tests_iOS.swift; sourceTree = "<group>"; };
		A07CCC6C275761CF001CB549 /* Tests_iOSLaunchTests.swift */ = {isa = PBXFileReference; lastKnownFileType = sourcecode.swift; path = Tests_iOSLaunchTests.swift; sourceTree = "<group>"; };
		A07CCC72275761CF001CB549 /* Tests macOS.xctest */ = {isa = PBXFileReference; explicitFileType = wrapper.cfbundle; includeInIndex = 0; path = "Tests macOS.xctest"; sourceTree = BUILT_PRODUCTS_DIR; };
		A07CCC76275761CF001CB549 /* Tests_macOS.swift */ = {isa = PBXFileReference; lastKnownFileType = sourcecode.swift; path = Tests_macOS.swift; sourceTree = "<group>"; };
		A07CCC78275761CF001CB549 /* Tests_macOSLaunchTests.swift */ = {isa = PBXFileReference; lastKnownFileType = sourcecode.swift; path = Tests_macOSLaunchTests.swift; sourceTree = "<group>"; };
/* End PBXFileReference section */

/* Begin PBXFrameworksBuildPhase section */
		A07CCC56275761CF001CB549 /* Frameworks */ = {
			isa = PBXFrameworksBuildPhase;
			buildActionMask = 2147483647;
			files = (
			);
			runOnlyForDeploymentPostprocessing = 0;
		};
		A07CCC5C275761CF001CB549 /* Frameworks */ = {
			isa = PBXFrameworksBuildPhase;
			buildActionMask = 2147483647;
			files = (
			);
			runOnlyForDeploymentPostprocessing = 0;
		};
		A07CCC63275761CF001CB549 /* Frameworks */ = {
			isa = PBXFrameworksBuildPhase;
			buildActionMask = 2147483647;
			files = (
			);
			runOnlyForDeploymentPostprocessing = 0;
		};
		A07CCC6F275761CF001CB549 /* Frameworks */ = {
			isa = PBXFrameworksBuildPhase;
			buildActionMask = 2147483647;
			files = (
			);
			runOnlyForDeploymentPostprocessing = 0;
		};
/* End PBXFrameworksBuildPhase section */

/* Begin PBXGroup section */
		A07CCC4C275761CC001CB549 = {
			isa = PBXGroup;
			children = (
				A07CCC51275761CC001CB549 /* Shared */,
				A07CCC60275761CF001CB549 /* macOS */,
				A07CCC69275761CF001CB549 /* Tests iOS */,
				A07CCC75275761CF001CB549 /* Tests macOS */,
				A07CCC5A275761CF001CB549 /* Products */,
			);
			sourceTree = "<group>";
		};
		A07CCC51275761CC001CB549 /* Shared */ = {
			isa = PBXGroup;
			children = (
				A07CCC52275761CC001CB549 /* AdventOfCode2021App.swift */,
				A07CCC53275761CC001CB549 /* ContentView.swift */,
				A07CCC54275761CF001CB549 /* Assets.xcassets */,
			);
			path = Shared;
			sourceTree = "<group>";
		};
		A07CCC5A275761CF001CB549 /* Products */ = {
			isa = PBXGroup;
			children = (
				A07CCC59275761CF001CB549 /* AdventOfCode2021.app */,
				A07CCC5F275761CF001CB549 /* AdventOfCode2021.app */,
				A07CCC66275761CF001CB549 /* Tests iOS.xctest */,
				A07CCC72275761CF001CB549 /* Tests macOS.xctest */,
			);
			name = Products;
			sourceTree = "<group>";
		};
		A07CCC60275761CF001CB549 /* macOS */ = {
			isa = PBXGroup;
			children = (
				A07CCC61275761CF001CB549 /* macOS.entitlements */,
			);
			path = macOS;
			sourceTree = "<group>";
		};
		A07CCC69275761CF001CB549 /* Tests iOS */ = {
			isa = PBXGroup;
			children = (
				A07CCC6A275761CF001CB549 /* Tests_iOS.swift */,
				A07CCC6C275761CF001CB549 /* Tests_iOSLaunchTests.swift */,
			);
			path = "Tests iOS";
			sourceTree = "<group>";
		};
		A07CCC75275761CF001CB549 /* Tests macOS */ = {
			isa = PBXGroup;
			children = (
				A07CCC76275761CF001CB549 /* Tests_macOS.swift */,
				A07CCC78275761CF001CB549 /* Tests_macOSLaunchTests.swift */,
			);
			path = "Tests macOS";
			sourceTree = "<group>";
		};
/* End PBXGroup section */

/* Begin PBXNativeTarget section */
		A07CCC58275761CF001CB549 /* AdventOfCode2021 (iOS) */ = {
			isa = PBXNativeTarget;
			buildConfigurationList = A07CCC82275761CF001CB549 /* Build configuration list for PBXNativeTarget "AdventOfCode2021 (iOS)" */;
			buildPhases = (
				A07CCC55275761CF001CB549 /* Sources */,
				A07CCC56275761CF001CB549 /* Frameworks */,
				A07CCC57275761CF001CB549 /* Resources */,
			);
			buildRules = (
			);
			dependencies = (
			);
			name = "AdventOfCode2021 (iOS)";
			productName = "AdventOfCode2021 (iOS)";
			productReference = A07CCC59275761CF001CB549 /* AdventOfCode2021.app */;
			productType = "com.apple.product-type.application";
		};
		A07CCC5E275761CF001CB549 /* AdventOfCode2021 (macOS) */ = {
			isa = PBXNativeTarget;
			buildConfigurationList = A07CCC85275761CF001CB549 /* Build configuration list for PBXNativeTarget "AdventOfCode2021 (macOS)" */;
			buildPhases = (
				A07CCC5B275761CF001CB549 /* Sources */,
				A07CCC5C275761CF001CB549 /* Frameworks */,
				A07CCC5D275761CF001CB549 /* Resources */,
			);
			buildRules = (
			);
			dependencies = (
			);
			name = "AdventOfCode2021 (macOS)";
			productName = "AdventOfCode2021 (macOS)";
			productReference = A07CCC5F275761CF001CB549 /* AdventOfCode2021.app */;
			productType = "com.apple.product-type.application";
		};
		A07CCC65275761CF001CB549 /* Tests iOS */ = {
			isa = PBXNativeTarget;
			buildConfigurationList = A07CCC88275761CF001CB549 /* Build configuration list for PBXNativeTarget "Tests iOS" */;
			buildPhases = (
				A07CCC62275761CF001CB549 /* Sources */,
				A07CCC63275761CF001CB549 /* Frameworks */,
				A07CCC64275761CF001CB549 /* Resources */,
			);
			buildRules = (
			);
			dependencies = (
				A07CCC68275761CF001CB549 /* PBXTargetDependency */,
			);
			name = "Tests iOS";
			productName = "Tests iOS";
			productReference = A07CCC66275761CF001CB549 /* Tests iOS.xctest */;
			productType = "com.apple.product-type.bundle.ui-testing";
		};
		A07CCC71275761CF001CB549 /* Tests macOS */ = {
			isa = PBXNativeTarget;
			buildConfigurationList = A07CCC8B275761CF001CB549 /* Build configuration list for PBXNativeTarget "Tests macOS" */;
			buildPhases = (
				A07CCC6E275761CF001CB549 /* Sources */,
				A07CCC6F275761CF001CB549 /* Frameworks */,
				A07CCC70275761CF001CB549 /* Resources */,
			);
			buildRules = (
			);
			dependencies = (
				A07CCC74275761CF001CB549 /* PBXTargetDependency */,
			);
			name = "Tests macOS";
			productName = "Tests macOS";
			productReference = A07CCC72275761CF001CB549 /* Tests macOS.xctest */;
			productType = "com.apple.product-type.bundle.ui-testing";
		};
/* End PBXNativeTarget section */

/* Begin PBXProject section */
		A07CCC4D275761CC001CB549 /* Project object */ = {
			isa = PBXProject;
			attributes = {
				BuildIndependentTargetsInParallel = 1;
				LastSwiftUpdateCheck = 1310;
				LastUpgradeCheck = 1310;
				TargetAttributes = {
					A07CCC58275761CF001CB549 = {
						CreatedOnToolsVersion = 13.1;
					};
					A07CCC5E275761CF001CB549 = {
						CreatedOnToolsVersion = 13.1;
					};
					A07CCC65275761CF001CB549 = {
						CreatedOnToolsVersion = 13.1;
						TestTargetID = A07CCC58275761CF001CB549;
					};
					A07CCC71275761CF001CB549 = {
						CreatedOnToolsVersion = 13.1;
						TestTargetID = A07CCC5E275761CF001CB549;
					};
				};
			};
			buildConfigurationList = A07CCC50275761CC001CB549 /* Build configuration list for PBXProject "AdventOfCode2021" */;
			compatibilityVersion = "Xcode 13.0";
			developmentRegion = en;
			hasScannedForEncodings = 0;
			knownRegions = (
				en,
				Base,
			);
			mainGroup = A07CCC4C275761CC001CB549;
			productRefGroup = A07CCC5A275761CF001CB549 /* Products */;
			projectDirPath = "";
			projectRoot = "";
			targets = (
				A07CCC58275761CF001CB549 /* AdventOfCode2021 (iOS) */,
				A07CCC5E275761CF001CB549 /* AdventOfCode2021 (macOS) */,
				A07CCC65275761CF001CB549 /* Tests iOS */,
				A07CCC71275761CF001CB549 /* Tests macOS */,
			);
		};
/* End PBXProject section */

/* Begin PBXResourcesBuildPhase section */
		A07CCC57275761CF001CB549 /* Resources */ = {
			isa = PBXResourcesBuildPhase;
			buildActionMask = 2147483647;
			files = (
				A07CCC7E275761CF001CB549 /* Assets.xcassets in Resources */,
			);
			runOnlyForDeploymentPostprocessing = 0;
		};
		A07CCC5D275761CF001CB549 /* Resources */ = {
			isa = PBXResourcesBuildPhase;
			buildActionMask = 2147483647;
			files = (
				A07CCC7F275761CF001CB549 /* Assets.xcassets in Resources */,
			);
			runOnlyForDeploymentPostprocessing = 0;
		};
		A07CCC64275761CF001CB549 /* Resources */ = {
			isa = PBXResourcesBuildPhase;
			buildActionMask = 2147483647;
			files = (
			);
			runOnlyForDeploymentPostprocessing = 0;
		};
		A07CCC70275761CF001CB549 /* Resources */ = {
			isa = PBXResourcesBuildPhase;
			buildActionMask = 2147483647;
			files = (
			);
			runOnlyForDeploymentPostprocessing = 0;
		};
/* End PBXResourcesBuildPhase section */

/* Begin PBXSourcesBuildPhase section */
		A07CCC55275761CF001CB549 /* Sources */ = {
			isa = PBXSourcesBuildPhase;
			buildActionMask = 2147483647;
			files = (
				A07CCC7C275761CF001CB549 /* ContentView.swift in Sources */,
				A07CCC7A275761CF001CB549 /* AdventOfCode2021App.swift in Sources */,
			);
			runOnlyForDeploymentPostprocessing = 0;
		};
		A07CCC5B275761CF001CB549 /* Sources */ = {
			isa = PBXSourcesBuildPhase;
			buildActionMask = 2147483647;
			files = (
				A07CCC7D275761CF001CB549 /* ContentView.swift in Sources */,
				A07CCC7B275761CF001CB549 /* AdventOfCode2021App.swift in Sources */,
			);
			runOnlyForDeploymentPostprocessing = 0;
		};
		A07CCC62275761CF001CB549 /* Sources */ = {
			isa = PBXSourcesBuildPhase;
			buildActionMask = 2147483647;
			files = (
				A07CCC6D275761CF001CB549 /* Tests_iOSLaunchTests.swift in Sources */,
				A07CCC6B275761CF001CB549 /* Tests_iOS.swift in Sources */,
			);
			runOnlyForDeploymentPostprocessing = 0;
		};
		A07CCC6E275761CF001CB549 /* Sources */ = {
			isa = PBXSourcesBuildPhase;
			buildActionMask = 2147483647;
			files = (
				A07CCC79275761CF001CB549 /* Tests_macOSLaunchTests.swift in Sources */,
				A07CCC77275761CF001CB549 /* Tests_macOS.swift in Sources */,
			);
			runOnlyForDeploymentPostprocessing = 0;
		};
/* End PBXSourcesBuildPhase section */

/* Begin PBXTargetDependency section */
		A07CCC68275761CF001CB549 /* PBXTargetDependency */ = {
			isa = PBXTargetDependency;
			target = A07CCC58275761CF001CB549 /* AdventOfCode2021 (iOS) */;
			targetProxy = A07CCC67275761CF001CB549 /* PBXContainerItemProxy */;
		};
		A07CCC74275761CF001CB549 /* PBXTargetDependency */ = {
			isa = PBXTargetDependency;
			target = A07CCC5E275761CF001CB549 /* AdventOfCode2021 (macOS) */;
			targetProxy = A07CCC73275761CF001CB549 /* PBXContainerItemProxy */;
		};
/* End PBXTargetDependency section */

/* Begin XCBuildConfiguration section */
		A07CCC80275761CF001CB549 /* Debug */ = {
			isa = XCBuildConfiguration;
			buildSettings = {
				ALWAYS_SEARCH_USER_PATHS = NO;
				CLANG_ANALYZER_NONNULL = YES;
				CLANG_ANALYZER_NUMBER_OBJECT_CONVERSION = YES_AGGRESSIVE;
				CLANG_CXX_LANGUAGE_STANDARD = "gnu++17";
				CLANG_CXX_LIBRARY = "libc++";
				CLANG_ENABLE_MODULES = YES;
				CLANG_ENABLE_OBJC_ARC = YES;
				CLANG_ENABLE_OBJC_WEAK = YES;
				CLANG_WARN_BLOCK_CAPTURE_AUTORELEASING = YES;
				CLANG_WARN_BOOL_CONVERSION = YES;
				CLANG_WARN_COMMA = YES;
				CLANG_WARN_CONSTANT_CONVERSION = YES;
				CLANG_WARN_DEPRECATED_OBJC_IMPLEMENTATIONS = YES;
				CLANG_WARN_DIRECT_OBJC_ISA_USAGE = YES_ERROR;
				CLANG_WARN_DOCUMENTATION_COMMENTS = YES;
				CLANG_WARN_EMPTY_BODY = YES;
				CLANG_WARN_ENUM_CONVERSION = YES;
				CLANG_WARN_INFINITE_RECURSION = YES;
				CLANG_WARN_INT_CONVERSION = YES;
				CLANG_WARN_NON_LITERAL_NULL_CONVERSION = YES;
				CLANG_WARN_OBJC_IMPLICIT_RETAIN_SELF = YES;
				CLANG_WARN_OBJC_LITERAL_CONVERSION = YES;
				CLANG_WARN_OBJC_ROOT_CLASS = YES_ERROR;
				CLANG_WARN_QUOTED_INCLUDE_IN_FRAMEWORK_HEADER = YES;
				CLANG_WARN_RANGE_LOOP_ANALYSIS = YES;
				CLANG_WARN_STRICT_PROTOTYPES = YES;
				CLANG_WARN_SUSPICIOUS_MOVE = YES;
				CLANG_WARN_UNGUARDED_AVAILABILITY = YES_AGGRESSIVE;
				CLANG_WARN_UNREACHABLE_CODE = YES;
				CLANG_WARN__DUPLICATE_METHOD_MATCH = YES;
				COPY_PHASE_STRIP = NO;
				DEBUG_INFORMATION_FORMAT = dwarf;
				ENABLE_STRICT_OBJC_MSGSEND = YES;
				ENABLE_TESTABILITY = YES;
				GCC_C_LANGUAGE_STANDARD = gnu11;
				GCC_DYNAMIC_NO_PIC = NO;
				GCC_NO_COMMON_BLOCKS = YES;
				GCC_OPTIMIZATION_LEVEL = 0;
				GCC_PREPROCESSOR_DEFINITIONS = (
					"DEBUG=1",
					"$(inherited)",
				);
				GCC_WARN_64_TO_32_BIT_CONVERSION = YES;
				GCC_WARN_ABOUT_RETURN_TYPE = YES_ERROR;
				GCC_WARN_UNDECLARED_SELECTOR = YES;
				GCC_WARN_UNINITIALIZED_AUTOS = YES_AGGRESSIVE;
				GCC_WARN_UNUSED_FUNCTION = YES;
				GCC_WARN_UNUSED_VARIABLE = YES;
				MTL_ENABLE_DEBUG_INFO = INCLUDE_SOURCE;
				MTL_FAST_MATH = YES;
				ONLY_ACTIVE_ARCH = YES;
				SWIFT_ACTIVE_COMPILATION_CONDITIONS = DEBUG;
				SWIFT_OPTIMIZATION_LEVEL = "-Onone";
			};
			name = Debug;
		};
		A07CCC81275761CF001CB549 /* Release */ = {
			isa = XCBuildConfiguration;
			buildSettings = {
				ALWAYS_SEARCH_USER_PATHS = NO;
				CLANG_ANALYZER_NONNULL = YES;
				CLANG_ANALYZER_NUMBER_OBJECT_CONVERSION = YES_AGGRESSIVE;
				CLANG_CXX_LANGUAGE_STANDARD = "gnu++17";
				CLANG_CXX_LIBRARY = "libc++";
				CLANG_ENABLE_MODULES = YES;
				CLANG_ENABLE_OBJC_ARC = YES;
				CLANG_ENABLE_OBJC_WEAK = YES;
				CLANG_WARN_BLOCK_CAPTURE_AUTORELEASING = YES;
				CLANG_WARN_BOOL_CONVERSION = YES;
				CLANG_WARN_COMMA = YES;
				CLANG_WARN_CONSTANT_CONVERSION = YES;
				CLANG_WARN_DEPRECATED_OBJC_IMPLEMENTATIONS = YES;
				CLANG_WARN_DIRECT_OBJC_ISA_USAGE = YES_ERROR;
				CLANG_WARN_DOCUMENTATION_COMMENTS = YES;
				CLANG_WARN_EMPTY_BODY = YES;
				CLANG_WARN_ENUM_CONVERSION = YES;
				CLANG_WARN_INFINITE_RECURSION = YES;
				CLANG_WARN_INT_CONVERSION = YES;
				CLANG_WARN_NON_LITERAL_NULL_CONVERSION = YES;
				CLANG_WARN_OBJC_IMPLICIT_RETAIN_SELF = YES;
				CLANG_WARN_OBJC_LITERAL_CONVERSION = YES;
				CLANG_WARN_OBJC_ROOT_CLASS = YES_ERROR;
				CLANG_WARN_QUOTED_INCLUDE_IN_FRAMEWORK_HEADER = YES;
				CLANG_WARN_RANGE_LOOP_ANALYSIS = YES;
				CLANG_WARN_STRICT_PROTOTYPES = YES;
				CLANG_WARN_SUSPICIOUS_MOVE = YES;
				CLANG_WARN_UNGUARDED_AVAILABILITY = YES_AGGRESSIVE;
				CLANG_WARN_UNREACHABLE_CODE = YES;
				CLANG_WARN__DUPLICATE_METHOD_MATCH = YES;
				COPY_PHASE_STRIP = NO;
				DEBUG_INFORMATION_FORMAT = "dwarf-with-dsym";
				ENABLE_NS_ASSERTIONS = NO;
				ENABLE_STRICT_OBJC_MSGSEND = YES;
				GCC_C_LANGUAGE_STANDARD = gnu11;
				GCC_NO_COMMON_BLOCKS = YES;
				GCC_WARN_64_TO_32_BIT_CONVERSION = YES;
				GCC_WARN_ABOUT_RETURN_TYPE = YES_ERROR;
				GCC_WARN_UNDECLARED_SELECTOR = YES;
				GCC_WARN_UNINITIALIZED_AUTOS = YES_AGGRESSIVE;
				GCC_WARN_UNUSED_FUNCTION = YES;
				GCC_WARN_UNUSED_VARIABLE = YES;
				MTL_ENABLE_DEBUG_INFO = NO;
				MTL_FAST_MATH = YES;
				SWIFT_COMPILATION_MODE = wholemodule;
				SWIFT_OPTIMIZATION_LEVEL = "-O";
			};
			name = Release;
		};
		A07CCC83275761CF001CB549 /* Debug */ = {
			isa = XCBuildConfiguration;
			buildSettings = {
				ASSETCATALOG_COMPILER_APPICON_NAME = AppIcon;
				ASSETCATALOG_COMPILER_GLOBAL_ACCENT_COLOR_NAME = AccentColor;
				CODE_SIGN_STYLE = Automatic;
				CURRENT_PROJECT_VERSION = 1;
				ENABLE_PREVIEWS = YES;
				GENERATE_INFOPLIST_FILE = YES;
				INFOPLIST_KEY_UIApplicationSceneManifest_Generation = YES;
				INFOPLIST_KEY_UIApplicationSupportsIndirectInputEvents = YES;
				INFOPLIST_KEY_UILaunchScreen_Generation = YES;
				INFOPLIST_KEY_UISupportedInterfaceOrientations_iPad = "UIInterfaceOrientationPortrait UIInterfaceOrientationPortraitUpsideDown UIInterfaceOrientationLandscapeLeft UIInterfaceOrientationLandscapeRight";
				INFOPLIST_KEY_UISupportedInterfaceOrientations_iPhone = "UIInterfaceOrientationPortrait UIInterfaceOrientationLandscapeLeft UIInterfaceOrientationLandscapeRight";
				IPHONEOS_DEPLOYMENT_TARGET = 15.0;
				LD_RUNPATH_SEARCH_PATHS = (
					"$(inherited)",
					"@executable_path/Frameworks",
				);
				MARKETING_VERSION = 1.0;
				PRODUCT_BUNDLE_IDENTIFIER = com.theghost16.AdventOfCode2021;
				PRODUCT_NAME = AdventOfCode2021;
				SDKROOT = iphoneos;
				SWIFT_EMIT_LOC_STRINGS = YES;
				SWIFT_VERSION = 5.0;
				TARGETED_DEVICE_FAMILY = "1,2";
			};
			name = Debug;
		};
		A07CCC84275761CF001CB549 /* Release */ = {
			isa = XCBuildConfiguration;
			buildSettings = {
				ASSETCATALOG_COMPILER_APPICON_NAME = AppIcon;
				ASSETCATALOG_COMPILER_GLOBAL_ACCENT_COLOR_NAME = AccentColor;
				CODE_SIGN_STYLE = Automatic;
				CURRENT_PROJECT_VERSION = 1;
				ENABLE_PREVIEWS = YES;
				GENERATE_INFOPLIST_FILE = YES;
				INFOPLIST_KEY_UIApplicationSceneManifest_Generation = YES;
				INFOPLIST_KEY_UIApplicationSupportsIndirectInputEvents = YES;
				INFOPLIST_KEY_UILaunchScreen_Generation = YES;
				INFOPLIST_KEY_UISupportedInterfaceOrientations_iPad = "UIInterfaceOrientationPortrait UIInterfaceOrientationPortraitUpsideDown UIInterfaceOrientationLandscapeLeft UIInterfaceOrientationLandscapeRight";
				INFOPLIST_KEY_UISupportedInterfaceOrientations_iPhone = "UIInterfaceOrientationPortrait UIInterfaceOrientationLandscapeLeft UIInterfaceOrientationLandscapeRight";
				IPHONEOS_DEPLOYMENT_TARGET = 15.0;
				LD_RUNPATH_SEARCH_PATHS = (
					"$(inherited)",
					"@executable_path/Frameworks",
				);
				MARKETING_VERSION = 1.0;
				PRODUCT_BUNDLE_IDENTIFIER = com.theghost16.AdventOfCode2021;
				PRODUCT_NAME = AdventOfCode2021;
				SDKROOT = iphoneos;
				SWIFT_EMIT_LOC_STRINGS = YES;
				SWIFT_VERSION = 5.0;
				TARGETED_DEVICE_FAMILY = "1,2";
				VALIDATE_PRODUCT = YES;
			};
			name = Release;
		};
		A07CCC86275761CF001CB549 /* Debug */ = {
			isa = XCBuildConfiguration;
			buildSettings = {
				ASSETCATALOG_COMPILER_APPICON_NAME = AppIcon;
				ASSETCATALOG_COMPILER_GLOBAL_ACCENT_COLOR_NAME = AccentColor;
				CODE_SIGN_ENTITLEMENTS = macOS/macOS.entitlements;
				CODE_SIGN_STYLE = Automatic;
				COMBINE_HIDPI_IMAGES = YES;
				CURRENT_PROJECT_VERSION = 1;
				ENABLE_PREVIEWS = YES;
				GENERATE_INFOPLIST_FILE = YES;
				INFOPLIST_KEY_NSHumanReadableCopyright = "";
				LD_RUNPATH_SEARCH_PATHS = (
					"$(inherited)",
					"@executable_path/../Frameworks",
				);
				MACOSX_DEPLOYMENT_TARGET = 11.6;
				MARKETING_VERSION = 1.0;
				PRODUCT_BUNDLE_IDENTIFIER = com.theghost16.AdventOfCode2021;
				PRODUCT_NAME = AdventOfCode2021;
				SDKROOT = macosx;
				SWIFT_EMIT_LOC_STRINGS = YES;
				SWIFT_VERSION = 5.0;
			};
			name = Debug;
		};
		A07CCC87275761CF001CB549 /* Release */ = {
			isa = XCBuildConfiguration;
			buildSettings = {
				ASSETCATALOG_COMPILER_APPICON_NAME = AppIcon;
				ASSETCATALOG_COMPILER_GLOBAL_ACCENT_COLOR_NAME = AccentColor;
				CODE_SIGN_ENTITLEMENTS = macOS/macOS.entitlements;
				CODE_SIGN_STYLE = Automatic;
				COMBINE_HIDPI_IMAGES = YES;
				CURRENT_PROJECT_VERSION = 1;
				ENABLE_PREVIEWS = YES;
				GENERATE_INFOPLIST_FILE = YES;
				INFOPLIST_KEY_NSHumanReadableCopyright = "";
				LD_RUNPATH_SEARCH_PATHS = (
					"$(inherited)",
					"@executable_path/../Frameworks",
				);
				MACOSX_DEPLOYMENT_TARGET = 11.6;
				MARKETING_VERSION = 1.0;
				PRODUCT_BUNDLE_IDENTIFIER = com.theghost16.AdventOfCode2021;
				PRODUCT_NAME = AdventOfCode2021;
				SDKROOT = macosx;
				SWIFT_EMIT_LOC_STRINGS = YES;
				SWIFT_VERSION = 5.0;
			};
			name = Release;
		};
		A07CCC89275761CF001CB549 /* Debug */ = {
			isa = XCBuildConfiguration;
			buildSettings = {
				ALWAYS_EMBED_SWIFT_STANDARD_LIBRARIES = YES;
				CODE_SIGN_STYLE = Automatic;
				CURRENT_PROJECT_VERSION = 1;
				GENERATE_INFOPLIST_FILE = YES;
				IPHONEOS_DEPLOYMENT_TARGET = 15.0;
				LD_RUNPATH_SEARCH_PATHS = (
					"$(inherited)",
					"@executable_path/Frameworks",
					"@loader_path/Frameworks",
				);
				MARKETING_VERSION = 1.0;
				PRODUCT_BUNDLE_IDENTIFIER = "com.theghost16.Tests-iOS";
				PRODUCT_NAME = "$(TARGET_NAME)";
				SDKROOT = iphoneos;
				SWIFT_EMIT_LOC_STRINGS = NO;
				SWIFT_VERSION = 5.0;
				TARGETED_DEVICE_FAMILY = "1,2";
				TEST_TARGET_NAME = "AdventOfCode2021 (iOS)";
			};
			name = Debug;
		};
		A07CCC8A275761CF001CB549 /* Release */ = {
			isa = XCBuildConfiguration;
			buildSettings = {
				ALWAYS_EMBED_SWIFT_STANDARD_LIBRARIES = YES;
				CODE_SIGN_STYLE = Automatic;
				CURRENT_PROJECT_VERSION = 1;
				GENERATE_INFOPLIST_FILE = YES;
				IPHONEOS_DEPLOYMENT_TARGET = 15.0;
				LD_RUNPATH_SEARCH_PATHS = (
					"$(inherited)",
					"@executable_path/Frameworks",
					"@loader_path/Frameworks",
				);
				MARKETING_VERSION = 1.0;
				PRODUCT_BUNDLE_IDENTIFIER = "com.theghost16.Tests-iOS";
				PRODUCT_NAME = "$(TARGET_NAME)";
				SDKROOT = iphoneos;
				SWIFT_EMIT_LOC_STRINGS = NO;
				SWIFT_VERSION = 5.0;
				TARGETED_DEVICE_FAMILY = "1,2";
				TEST_TARGET_NAME = "AdventOfCode2021 (iOS)";
				VALIDATE_PRODUCT = YES;
			};
			name = Release;
		};
		A07CCC8C275761CF001CB549 /* Debug */ = {
			isa = XCBuildConfiguration;
			buildSettings = {
				ALWAYS_EMBED_SWIFT_STANDARD_LIBRARIES = YES;
				CODE_SIGN_STYLE = Automatic;
				COMBINE_HIDPI_IMAGES = YES;
				CURRENT_PROJECT_VERSION = 1;
				GENERATE_INFOPLIST_FILE = YES;
				LD_RUNPATH_SEARCH_PATHS = (
					"$(inherited)",
					"@executable_path/../Frameworks",
					"@loader_path/../Frameworks",
				);
				MACOSX_DEPLOYMENT_TARGET = 11.6;
				MARKETING_VERSION = 1.0;
				PRODUCT_BUNDLE_IDENTIFIER = "com.theghost16.Tests-macOS";
				PRODUCT_NAME = "$(TARGET_NAME)";
				SDKROOT = macosx;
				SWIFT_EMIT_LOC_STRINGS = NO;
				SWIFT_VERSION = 5.0;
				TEST_TARGET_NAME = "AdventOfCode2021 (macOS)";
			};
			name = Debug;
		};
		A07CCC8D275761CF001CB549 /* Release */ = {
			isa = XCBuildConfiguration;
			buildSettings = {
				ALWAYS_EMBED_SWIFT_STANDARD_LIBRARIES = YES;
				CODE_SIGN_STYLE = Automatic;
				COMBINE_HIDPI_IMAGES = YES;
				CURRENT_PROJECT_VERSION = 1;
				GENERATE_INFOPLIST_FILE = YES;
				LD_RUNPATH_SEARCH_PATHS = (
					"$(inherited)",
					"@executable_path/../Frameworks",
					"@loader_path/../Frameworks",
				);
				MACOSX_DEPLOYMENT_TARGET = 11.6;
				MARKETING_VERSION = 1.0;
				PRODUCT_BUNDLE_IDENTIFIER = "com.theghost16.Tests-macOS";
				PRODUCT_NAME = "$(TARGET_NAME)";
				SDKROOT = macosx;
				SWIFT_EMIT_LOC_STRINGS = NO;
				SWIFT_VERSION = 5.0;
				TEST_TARGET_NAME = "AdventOfCode2021 (macOS)";
			};
			name = Release;
		};
/* End XCBuildConfiguration section */

/* Begin XCConfigurationList section */
		A07CCC50275761CC001CB549 /* Build configuration list for PBXProject "AdventOfCode2021" */ = {
			isa = XCConfigurationList;
			buildConfigurations = (
				A07CCC80275761CF001CB549 /* Debug */,
				A07CCC81275761CF001CB549 /* Release */,
			);
			defaultConfigurationIsVisible = 0;
			defaultConfigurationName = Release;
		};
		A07CCC82275761CF001CB549 /* Build configuration list for PBXNativeTarget "AdventOfCode2021 (iOS)" */ = {
			isa = XCConfigurationList;
			buildConfigurations = (
				A07CCC83275761CF001CB549 /* Debug */,
				A07CCC84275761CF001CB549 /* Release */,
			);
			defaultConfigurationIsVisible = 0;
			defaultConfigurationName = Release;
		};
		A07CCC85275761CF001CB549 /* Build configuration list for PBXNativeTarget "AdventOfCode2021 (macOS)" */ = {
			isa = XCConfigurationList;
			buildConfigurations = (
				A07CCC86275761CF001CB549 /* Debug */,
				A07CCC87275761CF001CB549 /* Release */,
			);
			defaultConfigurationIsVisible = 0;
			defaultConfigurationName = Release;
		};
		A07CCC88275761CF001CB549 /* Build configuration list for PBXNativeTarget "Tests iOS" */ = {
			isa = XCConfigurationList;
			buildConfigurations = (
				A07CCC89275761CF001CB549 /* Debug */,
				A07CCC8A275761CF001CB549 /* Release */,
			);
			defaultConfigurationIsVisible = 0;
			defaultConfigurationName = Release;
		};
		A07CCC8B275761CF001CB549 /* Build configuration list for PBXNativeTarget "Tests macOS" */ = {
			isa = XCConfigurationList;
			buildConfigurations = (
				A07CCC8C275761CF001CB549 /* Debug */,
				A07CCC8D275761CF001CB549 /* Release */,
			);
			defaultConfigurationIsVisible = 0;
			defaultConfigurationName = Release;
		};
/* End XCConfigurationList section */
	};
	rootObject = A07CCC4D275761CC001CB549 /* Project object */;
}
